PODS:
  - Flutter (1.0.0)
  - flutter_ok_sdk (0.0.1):
    - Flutter

DEPENDENCIES:
  - Flutter (from `Flutter`)
  - flutter_ok_sdk (from `.symlinks/plugins/flutter_ok_sdk/ios`)

EXTERNAL SOURCES:
  Flutter:
    :path: Flutter
  flutter_ok_sdk:
    :path: ".symlinks/plugins/flutter_ok_sdk/ios"

SPEC CHECKSUMS:
  Flutter: 434fef37c0980e73bb6479ef766c45957d4b510c
  flutter_ok_sdk: fbf407d6656462828674282777fd000dedc25ad4

PODFILE CHECKSUM: aafe91acc616949ddb318b77800a7f51bffa2a4c

COCOAPODS: 1.10.1
